// !$*UTF8*$!
{
	archiveVersion = 1;
	classes = {
	};
	objectVersion = 50;
	objects = {

/* Begin PBXBuildFile section */
		D4CFEAE524E0E21900BDD2BA /* AppDelegate.swift in Sources */ = {isa = PBXBuildFile; fileRef = D4CFEAE424E0E21900BDD2BA /* AppDelegate.swift */; };
		D4CFEAE724E0E21900BDD2BA /* ContentView.swift in Sources */ = {isa = PBXBuildFile; fileRef = D4CFEAE624E0E21900BDD2BA /* ContentView.swift */; };
		D4CFEAE924E0E21A00BDD2BA /* Assets.xcassets in Resources */ = {isa = PBXBuildFile; fileRef = D4CFEAE824E0E21A00BDD2BA /* Assets.xcassets */; };
		D4CFEAEC24E0E21A00BDD2BA /* Preview Assets.xcassets in Resources */ = {isa = PBXBuildFile; fileRef = D4CFEAEB24E0E21A00BDD2BA /* Preview Assets.xcassets */; };
		D4CFEAEF24E0E21A00BDD2BA /* Main.storyboard in Resources */ = {isa = PBXBuildFile; fileRef = D4CFEAED24E0E21A00BDD2BA /* Main.storyboard */; };
		D4CFEAF924E0F22B00BDD2BA /* LineChartLegendoidView.swift in Sources */ = {isa = PBXBuildFile; fileRef = D4CFEAF824E0F22B00BDD2BA /* LineChartLegendoidView.swift */; };
		D4CFEAFC24E0F26100BDD2BA /* ColoredSquareToggle.swift in Sources */ = {isa = PBXBuildFile; fileRef = D4CFEAFB24E0F26100BDD2BA /* ColoredSquareToggle.swift */; };
		D4CFEAFE24E0F2C000BDD2BA /* LineChartConfigurations.swift in Sources */ = {isa = PBXBuildFile; fileRef = D4CFEAFD24E0F2C000BDD2BA /* LineChartConfigurations.swift */; };
		D4CFEB0024E0F5C300BDD2BA /* LineChartLegendView.swift in Sources */ = {isa = PBXBuildFile; fileRef = D4CFEAFF24E0F5C300BDD2BA /* LineChartLegendView.swift */; };
		D4CFEB0224E10EF600BDD2BA /* LineChartHeaderView.swift in Sources */ = {isa = PBXBuildFile; fileRef = D4CFEB0124E10EF600BDD2BA /* LineChartHeaderView.swift */; };
		D4CFEB0424E11BD800BDD2BA /* LineChartDataBackdrop.swift in Sources */ = {isa = PBXBuildFile; fileRef = D4CFEB0324E11BD800BDD2BA /* LineChartDataBackdrop.swift */; };
		D4CFEB0624E11D4400BDD2BA /* LineChartTheChartView.swift in Sources */ = {isa = PBXBuildFile; fileRef = D4CFEB0524E11D4400BDD2BA /* LineChartTheChartView.swift */; };
		D4CFEB0824E11E2F00BDD2BA /* ArkoniaLayout.swift in Sources */ = {isa = PBXBuildFile; fileRef = D4CFEB0724E11E2F00BDD2BA /* ArkoniaLayout.swift */; };
		D4CFEB0A24E1256000BDD2BA /* LineChartLineView.swift in Sources */ = {isa = PBXBuildFile; fileRef = D4CFEB0924E1256000BDD2BA /* LineChartLineView.swift */; };
/* End PBXBuildFile section */

/* Begin PBXFileReference section */
		D4CFEAE124E0E21900BDD2BA /* LChart.app */ = {isa = PBXFileReference; explicitFileType = wrapper.application; includeInIndex = 0; path = LChart.app; sourceTree = BUILT_PRODUCTS_DIR; };
		D4CFEAE424E0E21900BDD2BA /* AppDelegate.swift */ = {isa = PBXFileReference; lastKnownFileType = sourcecode.swift; path = AppDelegate.swift; sourceTree = "<group>"; };
		D4CFEAE624E0E21900BDD2BA /* ContentView.swift */ = {isa = PBXFileReference; lastKnownFileType = sourcecode.swift; path = ContentView.swift; sourceTree = "<group>"; };
		D4CFEAE824E0E21A00BDD2BA /* Assets.xcassets */ = {isa = PBXFileReference; lastKnownFileType = folder.assetcatalog; path = Assets.xcassets; sourceTree = "<group>"; };
		D4CFEAEB24E0E21A00BDD2BA /* Preview Assets.xcassets */ = {isa = PBXFileReference; lastKnownFileType = folder.assetcatalog; path = "Preview Assets.xcassets"; sourceTree = "<group>"; };
		D4CFEAEE24E0E21A00BDD2BA /* Base */ = {isa = PBXFileReference; lastKnownFileType = file.storyboard; name = Base; path = Base.lproj/Main.storyboard; sourceTree = "<group>"; };
		D4CFEAF024E0E21A00BDD2BA /* Info.plist */ = {isa = PBXFileReference; lastKnownFileType = text.plist.xml; path = Info.plist; sourceTree = "<group>"; };
		D4CFEAF124E0E21A00BDD2BA /* LChart.entitlements */ = {isa = PBXFileReference; lastKnownFileType = text.plist.entitlements; path = LChart.entitlements; sourceTree = "<group>"; };
		D4CFEAF824E0F22B00BDD2BA /* LineChartLegendoidView.swift */ = {isa = PBXFileReference; lastKnownFileType = sourcecode.swift; path = LineChartLegendoidView.swift; sourceTree = "<group>"; };
		D4CFEAFB24E0F26100BDD2BA /* ColoredSquareToggle.swift */ = {isa = PBXFileReference; lastKnownFileType = sourcecode.swift; path = ColoredSquareToggle.swift; sourceTree = "<group>"; };
		D4CFEAFD24E0F2C000BDD2BA /* LineChartConfigurations.swift */ = {isa = PBXFileReference; lastKnownFileType = sourcecode.swift; path = LineChartConfigurations.swift; sourceTree = "<group>"; };
		D4CFEAFF24E0F5C300BDD2BA /* LineChartLegendView.swift */ = {isa = PBXFileReference; lastKnownFileType = sourcecode.swift; path = LineChartLegendView.swift; sourceTree = "<group>"; };
		D4CFEB0124E10EF600BDD2BA /* LineChartHeaderView.swift */ = {isa = PBXFileReference; lastKnownFileType = sourcecode.swift; path = LineChartHeaderView.swift; sourceTree = "<group>"; };
		D4CFEB0324E11BD800BDD2BA /* LineChartDataBackdrop.swift */ = {isa = PBXFileReference; lastKnownFileType = sourcecode.swift; path = LineChartDataBackdrop.swift; sourceTree = "<group>"; };
		D4CFEB0524E11D4400BDD2BA /* LineChartTheChartView.swift */ = {isa = PBXFileReference; lastKnownFileType = sourcecode.swift; path = LineChartTheChartView.swift; sourceTree = "<group>"; };
		D4CFEB0724E11E2F00BDD2BA /* ArkoniaLayout.swift */ = {isa = PBXFileReference; lastKnownFileType = sourcecode.swift; path = ArkoniaLayout.swift; sourceTree = "<group>"; };
		D4CFEB0924E1256000BDD2BA /* LineChartLineView.swift */ = {isa = PBXFileReference; lastKnownFileType = sourcecode.swift; path = LineChartLineView.swift; sourceTree = "<group>"; };
/* End PBXFileReference section */

/* Begin PBXFrameworksBuildPhase section */
		D4CFEADE24E0E21900BDD2BA /* Frameworks */ = {
			isa = PBXFrameworksBuildPhase;
			buildActionMask = 2147483647;
			files = (
			);
			runOnlyForDeploymentPostprocessing = 0;
		};
/* End PBXFrameworksBuildPhase section */

/* Begin PBXGroup section */
		D4CFEAD824E0E21900BDD2BA = {
			isa = PBXGroup;
			children = (
				D4CFEAE324E0E21900BDD2BA /* LChart */,
				D4CFEAE224E0E21900BDD2BA /* Products */,
			);
			sourceTree = "<group>";
		};
		D4CFEAE224E0E21900BDD2BA /* Products */ = {
			isa = PBXGroup;
			children = (
				D4CFEAE124E0E21900BDD2BA /* LChart.app */,
			);
			name = Products;
			sourceTree = "<group>";
		};
		D4CFEAE324E0E21900BDD2BA /* LChart */ = {
			isa = PBXGroup;
			children = (
				D4CFEAFA24E0F25100BDD2BA /* Misc */,
				D4CFEAF724E0F21900BDD2BA /* LineChart */,
				D4CFEAE424E0E21900BDD2BA /* AppDelegate.swift */,
				D4CFEAE624E0E21900BDD2BA /* ContentView.swift */,
				D4CFEAE824E0E21A00BDD2BA /* Assets.xcassets */,
				D4CFEAED24E0E21A00BDD2BA /* Main.storyboard */,
				D4CFEAF024E0E21A00BDD2BA /* Info.plist */,
				D4CFEAF124E0E21A00BDD2BA /* LChart.entitlements */,
				D4CFEAEA24E0E21A00BDD2BA /* Preview Content */,
				D4CFEB0724E11E2F00BDD2BA /* ArkoniaLayout.swift */,
			);
			path = LChart;
			sourceTree = "<group>";
		};
		D4CFEAEA24E0E21A00BDD2BA /* Preview Content */ = {
			isa = PBXGroup;
			children = (
				D4CFEAEB24E0E21A00BDD2BA /* Preview Assets.xcassets */,
			);
			path = "Preview Content";
			sourceTree = "<group>";
		};
		D4CFEAF724E0F21900BDD2BA /* LineChart */ = {
			isa = PBXGroup;
			children = (
				D4CFEAFD24E0F2C000BDD2BA /* LineChartConfigurations.swift */,
				D4CFEB0324E11BD800BDD2BA /* LineChartDataBackdrop.swift */,
				D4CFEB0124E10EF600BDD2BA /* LineChartHeaderView.swift */,
				D4CFEAF824E0F22B00BDD2BA /* LineChartLegendoidView.swift */,
				D4CFEAFF24E0F5C300BDD2BA /* LineChartLegendView.swift */,
				D4CFEB0924E1256000BDD2BA /* LineChartLineView.swift */,
				D4CFEB0524E11D4400BDD2BA /* LineChartTheChartView.swift */,
			);
			path = LineChart;
			sourceTree = "<group>";
		};
		D4CFEAFA24E0F25100BDD2BA /* Misc */ = {
			isa = PBXGroup;
			children = (
				D4CFEAFB24E0F26100BDD2BA /* ColoredSquareToggle.swift */,
			);
			path = Misc;
			sourceTree = "<group>";
		};
/* End PBXGroup section */

/* Begin PBXNativeTarget section */
		D4CFEAE024E0E21900BDD2BA /* LChart */ = {
			isa = PBXNativeTarget;
			buildConfigurationList = D4CFEAF424E0E21A00BDD2BA /* Build configuration list for PBXNativeTarget "LChart" */;
			buildPhases = (
				D4CFEADD24E0E21900BDD2BA /* Sources */,
				D4CFEADE24E0E21900BDD2BA /* Frameworks */,
				D4CFEADF24E0E21900BDD2BA /* Resources */,
			);
			buildRules = (
			);
			dependencies = (
			);
			name = LChart;
			productName = LChart;
			productReference = D4CFEAE124E0E21900BDD2BA /* LChart.app */;
			productType = "com.apple.product-type.application";
		};
/* End PBXNativeTarget section */

/* Begin PBXProject section */
		D4CFEAD924E0E21900BDD2BA /* Project object */ = {
			isa = PBXProject;
			attributes = {
				LastSwiftUpdateCheck = 1200;
				LastUpgradeCheck = 1200;
				TargetAttributes = {
					D4CFEAE024E0E21900BDD2BA = {
						CreatedOnToolsVersion = 12.0;
					};
				};
			};
			buildConfigurationList = D4CFEADC24E0E21900BDD2BA /* Build configuration list for PBXProject "LChart" */;
			compatibilityVersion = "Xcode 9.3";
			developmentRegion = en;
			hasScannedForEncodings = 0;
			knownRegions = (
				en,
				Base,
			);
			mainGroup = D4CFEAD824E0E21900BDD2BA;
			productRefGroup = D4CFEAE224E0E21900BDD2BA /* Products */;
			projectDirPath = "";
			projectRoot = "";
			targets = (
				D4CFEAE024E0E21900BDD2BA /* LChart */,
			);
		};
/* End PBXProject section */

/* Begin PBXResourcesBuildPhase section */
		D4CFEADF24E0E21900BDD2BA /* Resources */ = {
			isa = PBXResourcesBuildPhase;
			buildActionMask = 2147483647;
			files = (
				D4CFEAEF24E0E21A00BDD2BA /* Main.storyboard in Resources */,
				D4CFEAEC24E0E21A00BDD2BA /* Preview Assets.xcassets in Resources */,
				D4CFEAE924E0E21A00BDD2BA /* Assets.xcassets in Resources */,
			);
			runOnlyForDeploymentPostprocessing = 0;
		};
/* End PBXResourcesBuildPhase section */

/* Begin PBXSourcesBuildPhase section */
		D4CFEADD24E0E21900BDD2BA /* Sources */ = {
			isa = PBXSourcesBuildPhase;
			buildActionMask = 2147483647;
			files = (
				D4CFEB0424E11BD800BDD2BA /* LineChartDataBackdrop.swift in Sources */,
				D4CFEB0224E10EF600BDD2BA /* LineChartHeaderView.swift in Sources */,
				D4CFEAE724E0E21900BDD2BA /* ContentView.swift in Sources */,
				D4CFEAE524E0E21900BDD2BA /* AppDelegate.swift in Sources */,
				D4CFEB0024E0F5C300BDD2BA /* LineChartLegendView.swift in Sources */,
				D4CFEAF924E0F22B00BDD2BA /* LineChartLegendoidView.swift in Sources */,
				D4CFEAFE24E0F2C000BDD2BA /* LineChartConfigurations.swift in Sources */,
				D4CFEAFC24E0F26100BDD2BA /* ColoredSquareToggle.swift in Sources */,
				D4CFEB0624E11D4400BDD2BA /* LineChartTheChartView.swift in Sources */,
				D4CFEB0824E11E2F00BDD2BA /* ArkoniaLayout.swift in Sources */,
				D4CFEB0A24E1256000BDD2BA /* LineChartLineView.swift in Sources */,
			);
			runOnlyForDeploymentPostprocessing = 0;
		};
/* End PBXSourcesBuildPhase section */

/* Begin PBXVariantGroup section */
		D4CFEAED24E0E21A00BDD2BA /* Main.storyboard */ = {
			isa = PBXVariantGroup;
			children = (
				D4CFEAEE24E0E21A00BDD2BA /* Base */,
			);
			name = Main.storyboard;
			sourceTree = "<group>";
		};
/* End PBXVariantGroup section */

/* Begin XCBuildConfiguration section */
		D4CFEAF224E0E21A00BDD2BA /* Debug */ = {
			isa = XCBuildConfiguration;
			buildSettings = {
				ALWAYS_SEARCH_USER_PATHS = NO;
				CLANG_ANALYZER_NONNULL = YES;
				CLANG_ANALYZER_NUMBER_OBJECT_CONVERSION = YES_AGGRESSIVE;
				CLANG_CXX_LANGUAGE_STANDARD = "gnu++14";
				CLANG_CXX_LIBRARY = "libc++";
				CLANG_ENABLE_MODULES = YES;
				CLANG_ENABLE_OBJC_ARC = YES;
				CLANG_ENABLE_OBJC_WEAK = YES;
				CLANG_WARN_BLOCK_CAPTURE_AUTORELEASING = YES;
				CLANG_WARN_BOOL_CONVERSION = YES;
				CLANG_WARN_COMMA = YES;
				CLANG_WARN_CONSTANT_CONVERSION = YES;
				CLANG_WARN_DEPRECATED_OBJC_IMPLEMENTATIONS = YES;
				CLANG_WARN_DIRECT_OBJC_ISA_USAGE = YES_ERROR;
				CLANG_WARN_DOCUMENTATION_COMMENTS = YES;
				CLANG_WARN_EMPTY_BODY = YES;
				CLANG_WARN_ENUM_CONVERSION = YES;
				CLANG_WARN_INFINITE_RECURSION = YES;
				CLANG_WARN_INT_CONVERSION = YES;
				CLANG_WARN_NON_LITERAL_NULL_CONVERSION = YES;
				CLANG_WARN_OBJC_IMPLICIT_RETAIN_SELF = YES;
				CLANG_WARN_OBJC_LITERAL_CONVERSION = YES;
				CLANG_WARN_OBJC_ROOT_CLASS = YES_ERROR;
				CLANG_WARN_QUOTED_INCLUDE_IN_FRAMEWORK_HEADER = YES;
				CLANG_WARN_RANGE_LOOP_ANALYSIS = YES;
				CLANG_WARN_STRICT_PROTOTYPES = YES;
				CLANG_WARN_SUSPICIOUS_MOVE = YES;
				CLANG_WARN_UNGUARDED_AVAILABILITY = YES_AGGRESSIVE;
				CLANG_WARN_UNREACHABLE_CODE = YES;
				CLANG_WARN__DUPLICATE_METHOD_MATCH = YES;
				COPY_PHASE_STRIP = NO;
				DEBUG_INFORMATION_FORMAT = dwarf;
				ENABLE_STRICT_OBJC_MSGSEND = YES;
				ENABLE_TESTABILITY = YES;
				GCC_C_LANGUAGE_STANDARD = gnu11;
				GCC_DYNAMIC_NO_PIC = NO;
				GCC_NO_COMMON_BLOCKS = YES;
				GCC_OPTIMIZATION_LEVEL = 0;
				GCC_PREPROCESSOR_DEFINITIONS = (
					"DEBUG=1",
					"$(inherited)",
				);
				GCC_WARN_64_TO_32_BIT_CONVERSION = YES;
				GCC_WARN_ABOUT_RETURN_TYPE = YES_ERROR;
				GCC_WARN_UNDECLARED_SELECTOR = YES;
				GCC_WARN_UNINITIALIZED_AUTOS = YES_AGGRESSIVE;
				GCC_WARN_UNUSED_FUNCTION = YES;
				GCC_WARN_UNUSED_VARIABLE = YES;
				MACOSX_DEPLOYMENT_TARGET = 10.15;
				MTL_ENABLE_DEBUG_INFO = INCLUDE_SOURCE;
				MTL_FAST_MATH = YES;
				ONLY_ACTIVE_ARCH = YES;
				SDKROOT = macosx;
				SWIFT_ACTIVE_COMPILATION_CONDITIONS = DEBUG;
				SWIFT_OPTIMIZATION_LEVEL = "-Onone";
			};
			name = Debug;
		};
		D4CFEAF324E0E21A00BDD2BA /* Release */ = {
			isa = XCBuildConfiguration;
			buildSettings = {
				ALWAYS_SEARCH_USER_PATHS = NO;
				CLANG_ANALYZER_NONNULL = YES;
				CLANG_ANALYZER_NUMBER_OBJECT_CONVERSION = YES_AGGRESSIVE;
				CLANG_CXX_LANGUAGE_STANDARD = "gnu++14";
				CLANG_CXX_LIBRARY = "libc++";
				CLANG_ENABLE_MODULES = YES;
				CLANG_ENABLE_OBJC_ARC = YES;
				CLANG_ENABLE_OBJC_WEAK = YES;
				CLANG_WARN_BLOCK_CAPTURE_AUTORELEASING = YES;
				CLANG_WARN_BOOL_CONVERSION = YES;
				CLANG_WARN_COMMA = YES;
				CLANG_WARN_CONSTANT_CONVERSION = YES;
				CLANG_WARN_DEPRECATED_OBJC_IMPLEMENTATIONS = YES;
				CLANG_WARN_DIRECT_OBJC_ISA_USAGE = YES_ERROR;
				CLANG_WARN_DOCUMENTATION_COMMENTS = YES;
				CLANG_WARN_EMPTY_BODY = YES;
				CLANG_WARN_ENUM_CONVERSION = YES;
				CLANG_WARN_INFINITE_RECURSION = YES;
				CLANG_WARN_INT_CONVERSION = YES;
				CLANG_WARN_NON_LITERAL_NULL_CONVERSION = YES;
				CLANG_WARN_OBJC_IMPLICIT_RETAIN_SELF = YES;
				CLANG_WARN_OBJC_LITERAL_CONVERSION = YES;
				CLANG_WARN_OBJC_ROOT_CLASS = YES_ERROR;
				CLANG_WARN_QUOTED_INCLUDE_IN_FRAMEWORK_HEADER = YES;
				CLANG_WARN_RANGE_LOOP_ANALYSIS = YES;
				CLANG_WARN_STRICT_PROTOTYPES = YES;
				CLANG_WARN_SUSPICIOUS_MOVE = YES;
				CLANG_WARN_UNGUARDED_AVAILABILITY = YES_AGGRESSIVE;
				CLANG_WARN_UNREACHABLE_CODE = YES;
				CLANG_WARN__DUPLICATE_METHOD_MATCH = YES;
				COPY_PHASE_STRIP = NO;
				DEBUG_INFORMATION_FORMAT = "dwarf-with-dsym";
				ENABLE_NS_ASSERTIONS = NO;
				ENABLE_STRICT_OBJC_MSGSEND = YES;
				GCC_C_LANGUAGE_STANDARD = gnu11;
				GCC_NO_COMMON_BLOCKS = YES;
				GCC_WARN_64_TO_32_BIT_CONVERSION = YES;
				GCC_WARN_ABOUT_RETURN_TYPE = YES_ERROR;
				GCC_WARN_UNDECLARED_SELECTOR = YES;
				GCC_WARN_UNINITIALIZED_AUTOS = YES_AGGRESSIVE;
				GCC_WARN_UNUSED_FUNCTION = YES;
				GCC_WARN_UNUSED_VARIABLE = YES;
				MACOSX_DEPLOYMENT_TARGET = 10.15;
				MTL_ENABLE_DEBUG_INFO = NO;
				MTL_FAST_MATH = YES;
				SDKROOT = macosx;
				SWIFT_COMPILATION_MODE = wholemodule;
				SWIFT_OPTIMIZATION_LEVEL = "-O";
			};
			name = Release;
		};
		D4CFEAF524E0E21A00BDD2BA /* Debug */ = {
			isa = XCBuildConfiguration;
			buildSettings = {
				ASSETCATALOG_COMPILER_APPICON_NAME = AppIcon;
				ASSETCATALOG_COMPILER_GLOBAL_ACCENT_COLOR_NAME = AccentColor;
				CODE_SIGN_ENTITLEMENTS = LChart/LChart.entitlements;
				CODE_SIGN_STYLE = Automatic;
				COMBINE_HIDPI_IMAGES = YES;
				DEVELOPMENT_ASSET_PATHS = "\"LChart/Preview Content\"";
				DEVELOPMENT_TEAM = DD983V4X84;
				ENABLE_HARDENED_RUNTIME = YES;
				ENABLE_PREVIEWS = YES;
				INFOPLIST_FILE = LChart/Info.plist;
				LD_RUNPATH_SEARCH_PATHS = (
					"$(inherited)",
					"@executable_path/../Frameworks",
				);
				MACOSX_DEPLOYMENT_TARGET = 10.15;
				PRODUCT_BUNDLE_IDENTIFIER = com.boringsoftware.LChart;
				PRODUCT_NAME = "$(TARGET_NAME)";
				SWIFT_VERSION = 5.0;
			};
			name = Debug;
		};
		D4CFEAF624E0E21A00BDD2BA /* Release */ = {
			isa = XCBuildConfiguration;
			buildSettings = {
				ASSETCATALOG_COMPILER_APPICON_NAME = AppIcon;
				ASSETCATALOG_COMPILER_GLOBAL_ACCENT_COLOR_NAME = AccentColor;
				CODE_SIGN_ENTITLEMENTS = LChart/LChart.entitlements;
				CODE_SIGN_STYLE = Automatic;
				COMBINE_HIDPI_IMAGES = YES;
				DEVELOPMENT_ASSET_PATHS = "\"LChart/Preview Content\"";
				DEVELOPMENT_TEAM = DD983V4X84;
				ENABLE_HARDENED_RUNTIME = YES;
				ENABLE_PREVIEWS = YES;
				INFOPLIST_FILE = LChart/Info.plist;
				LD_RUNPATH_SEARCH_PATHS = (
					"$(inherited)",
					"@executable_path/../Frameworks",
				);
				MACOSX_DEPLOYMENT_TARGET = 10.15;
				PRODUCT_BUNDLE_IDENTIFIER = com.boringsoftware.LChart;
				PRODUCT_NAME = "$(TARGET_NAME)";
				SWIFT_VERSION = 5.0;
			};
			name = Release;
		};
/* End XCBuildConfiguration section */

/* Begin XCConfigurationList section */
		D4CFEADC24E0E21900BDD2BA /* Build configuration list for PBXProject "LChart" */ = {
			isa = XCConfigurationList;
			buildConfigurations = (
				D4CFEAF224E0E21A00BDD2BA /* Debug */,
				D4CFEAF324E0E21A00BDD2BA /* Release */,
			);
			defaultConfigurationIsVisible = 0;
			defaultConfigurationName = Release;
		};
		D4CFEAF424E0E21A00BDD2BA /* Build configuration list for PBXNativeTarget "LChart" */ = {
			isa = XCConfigurationList;
			buildConfigurations = (
				D4CFEAF524E0E21A00BDD2BA /* Debug */,
				D4CFEAF624E0E21A00BDD2BA /* Release */,
			);
			defaultConfigurationIsVisible = 0;
			defaultConfigurationName = Release;
		};
/* End XCConfigurationList section */
	};
	rootObject = D4CFEAD924E0E21900BDD2BA /* Project object */;
}
